<?xml version="1.0" encoding="utf-8"?>
<Project ToolsVersion="4.0" xmlns="http://schemas.microsoft.com/developer/msbuild/2003">
  <ItemGroup>
    <Filter Include="Form Files">
      <UniqueIdentifier>{99349809-55BA-4b9d-BF79-8FDBB0286EB3}</UniqueIdentifier>
      <Extensions>ui</Extensions>
      <ParseFiles>false</ParseFiles>
    </Filter>
    <Filter Include="Form Files">
      <UniqueIdentifier>{99349809-55BA-4b9d-BF79-8FDBB0286EB3}</UniqueIdentifier>
      <Extensions>ui</Extensions>
      <ParseFiles>false</ParseFiles>
    </Filter>
    <Filter Include="Generated Files">
      <UniqueIdentifier>{71ED8ED8-ACB9-4CE9-BBE1-E00B30144E11}</UniqueIdentifier>
      <Extensions>cpp;c;cxx;moc;h;def;odl;idl;res;</Extensions>
    </Filter>
    <Filter Include="Generated Files">
      <UniqueIdentifier>{71ED8ED8-ACB9-4CE9-BBE1-E00B30144E11}</UniqueIdentifier>
      <Extensions>cpp;c;cxx;moc;h;def;odl;idl;res;</Extensions>
    </Filter>
    <Filter Include="Header Files">
      <UniqueIdentifier>{93995380-89BD-4b04-88EB-625FBE52EBFB}</UniqueIdentifier>
      <Extensions>h;hpp;hxx;hm;inl;inc;xsd</Extensions>
    </Filter>
    <Filter Include="Header Files">
      <UniqueIdentifier>{93995380-89BD-4b04-88EB-625FBE52EBFB}</UniqueIdentifier>
      <Extensions>h;hpp;hxx;hm;inl;inc;xsd</Extensions>
    </Filter>
    <Filter Include="Source Files">
      <UniqueIdentifier>{4FC737F1-C7A5-4376-A066-2A32D752A2FF}</UniqueIdentifier>
      <Extensions>cpp;c;cxx;def;odl;idl;hpj;bat;asm;asmx</Extensions>
    </Filter>
    <Filter Include="Source Files">
      <UniqueIdentifier>{4FC737F1-C7A5-4376-A066-2A32D752A2FF}</UniqueIdentifier>
      <Extensions>cpp;c;cxx;def;odl;idl;hpj;bat;asm;asmx</Extensions>
    </Filter>
    <Filter Include="Generated Files\Debug">
      <UniqueIdentifier>{c4070e1f-4b3a-4526-963b-006d9efaba15}</UniqueIdentifier>
      <Extensions>cpp;moc</Extensions>
      <SourceControlFiles>False</SourceControlFiles>
    </Filter>
    <Filter Include="Generated Files\Release">
      <UniqueIdentifier>{3561157b-fe59-4dc1-aafd-74facb9308b3}</UniqueIdentifier>
      <Extensions>cpp;moc</Extensions>
      <SourceControlFiles>False</SourceControlFiles>
    </Filter>
    <Filter Include="Documentation">
      <UniqueIdentifier>{b7658aca-5705-41b1-b0ae-c0d554776734}</UniqueIdentifier>
    </Filter>
    <Filter Include="Changes">
      <UniqueIdentifier>{2227ed41-4703-45a8-9c89-48e2d63b842c}</UniqueIdentifier>
    </Filter>
    <Filter Include="Documentation\class diagram">
      <UniqueIdentifier>{b202d18b-05cb-451b-a17d-a87c2d4b6e5a}</UniqueIdentifier>
    </Filter>
    <Filter Include="Documentation\use case diagram">
      <UniqueIdentifier>{49eb97a5-3293-47cc-8786-5de96e9a4d6d}</UniqueIdentifier>
    </Filter>
    <Filter Include="Coming Features">
      <UniqueIdentifier>{90e7329f-a447-4c1e-909f-d1d1add17db2}</UniqueIdentifier>
    </Filter>
    <Filter Include="Documentation\Text Documents">
      <UniqueIdentifier>{ad9f8263-4006-4e4e-9868-2bc2ab4cf50f}</UniqueIdentifier>
    </Filter>
    <Filter Include="Feature Planning">
      <UniqueIdentifier>{c6480223-b703-4c15-952d-17c706b6a8f9}</UniqueIdentifier>
    </Filter>
    <Filter Include="Feature Planning\Filter Animelist">
      <UniqueIdentifier>{2b587f29-0981-4157-99d9-773fd64265f9}</UniqueIdentifier>
    </Filter>
  </ItemGroup>
  <ItemGroup>
    <ClCompile Include="aboutwindow.cpp">
      <Filter>Source Files</Filter>
    </ClCompile>
    <ClCompile Include="addnewanime.cpp">
      <Filter>Source Files</Filter>
    </ClCompile>
    <ClCompile Include="anime.cpp">
      <Filter>Source Files</Filter>
    </ClCompile>
    <ClCompile Include="animelist.cpp">
      <Filter>Source Files</Filter>
    </ClCompile>
    <ClCompile Include="anwalic_plugin_import.cpp">
      <Filter>Source Files</Filter>
    </ClCompile>
    <ClCompile Include="editanimewindow.cpp">
      <Filter>Source Files</Filter>
    </ClCompile>
    <ClCompile Include="errorview.cpp">
      <Filter>Source Files</Filter>
    </ClCompile>
    <ClCompile Include="main.cpp">
      <Filter>Source Files</Filter>
    </ClCompile>
    <ClCompile Include="mainwindow.cpp">
      <Filter>Source Files</Filter>
    </ClCompile>
    <ClCompile Include="memory.cpp">
      <Filter>Source Files</Filter>
    </ClCompile>
    <ClCompile Include="preferences.cpp">
      <Filter>Source Files</Filter>
    </ClCompile>
    <ClCompile Include="preferenceswindow.cpp">
      <Filter>Source Files</Filter>
    </ClCompile>
    <ClCompile Include="Debug\moc_aboutwindow.cpp">
      <Filter>Generated Files\Debug</Filter>
    </ClCompile>
    <ClCompile Include="Release\moc_aboutwindow.cpp">
      <Filter>Generated Files\Release</Filter>
    </ClCompile>
    <ClCompile Include="Debug\moc_addnewanime.cpp">
      <Filter>Generated Files\Debug</Filter>
    </ClCompile>
    <ClCompile Include="Release\moc_addnewanime.cpp">
      <Filter>Generated Files\Release</Filter>
    </ClCompile>
    <ClCompile Include="Debug\moc_editanimewindow.cpp">
      <Filter>Generated Files\Debug</Filter>
    </ClCompile>
    <ClCompile Include="Release\moc_editanimewindow.cpp">
      <Filter>Generated Files\Release</Filter>
    </ClCompile>
    <ClCompile Include="Debug\moc_mainwindow.cpp">
      <Filter>Generated Files\Debug</Filter>
    </ClCompile>
    <ClCompile Include="Release\moc_mainwindow.cpp">
      <Filter>Generated Files\Release</Filter>
    </ClCompile>
    <ClCompile Include="Debug\moc_preferenceswindow.cpp">
      <Filter>Generated Files\Debug</Filter>
    </ClCompile>
    <ClCompile Include="Release\moc_preferenceswindow.cpp">
      <Filter>Generated Files\Release</Filter>
    </ClCompile>
    <ClCompile Include="StringUtils.cpp">
      <Filter>Source Files</Filter>
    </ClCompile>
    <ClCompile Include="InternetUtilities.cpp">
      <Filter>Source Files</Filter>
    </ClCompile>
    <ClCompile Include="AnimeListViewHelper.cpp">
      <Filter>Source Files</Filter>
    </ClCompile>
    <ClCompile Include="AnwalicService.cpp">
      <Filter>Source Files</Filter>
    </ClCompile>
    <ClCompile Include="AnimelistManager.cpp">
      <Filter>Source Files</Filter>
    </ClCompile>
    <ClCompile Include="saveload.cpp">
      <Filter>Source Files</Filter>
    </ClCompile>
    <ClCompile Include="FilterAnimelist.cpp">
      <Filter>Source Files</Filter>
    </ClCompile>
    <ClCompile Include="FilterShowMovies.cpp">
      <Filter>Source Files</Filter>
    </ClCompile>
    <ClCompile Include="FilterShowOpenEndedAnimes.cpp">
      <Filter>Source Files</Filter>
    </ClCompile>
    <ClCompile Include="FilterHideMovies.cpp">
      <Filter>Source Files</Filter>
    </ClCompile>
    <ClCompile Include="FilterHideAnimesWithNameOnly.cpp">
      <Filter>Source Files</Filter>
    </ClCompile>
    <ClCompile Include="FilterHideOpenEndedAnimes.cpp">
      <Filter>Source Files</Filter>
    </ClCompile>
    <ClCompile Include="FilterByTag.cpp">
      <Filter>Source Files</Filter>
    </ClCompile>
    <ClCompile Include="FilterShowStartedAnimes.cpp">
      <Filter>Source Files</Filter>
    </ClCompile>
  </ItemGroup>
  <ItemGroup>
    <CustomBuild Include="aboutwindow.h">
      <Filter>Header Files</Filter>
    </CustomBuild>
    <CustomBuild Include="addnewanime.h">
      <Filter>Header Files</Filter>
    </CustomBuild>
    <ClInclude Include="anime.h">
      <Filter>Header Files</Filter>
    </ClInclude>
    <ClInclude Include="animelist.h">
      <Filter>Header Files</Filter>
    </ClInclude>
    <CustomBuild Include="editanimewindow.h">
      <Filter>Header Files</Filter>
    </CustomBuild>
    <ClInclude Include="errorview.h">
      <Filter>Header Files</Filter>
    </ClInclude>
    <ClInclude Include="globals.h">
      <Filter>Header Files</Filter>
    </ClInclude>
    <CustomBuild Include="mainwindow.h">
      <Filter>Header Files</Filter>
    </CustomBuild>
    <ClInclude Include="memory.h">
      <Filter>Header Files</Filter>
    </ClInclude>
    <ClInclude Include="preferences.h">
      <Filter>Header Files</Filter>
    </ClInclude>
    <CustomBuild Include="preferenceswindow.h">
      <Filter>Header Files</Filter>
    </CustomBuild>
    <ClInclude Include="stringsDE.h">
      <Filter>Header Files</Filter>
    </ClInclude>
    <ClInclude Include="stringsEN.h">
      <Filter>Header Files</Filter>
    </ClInclude>
  </ItemGroup>
  <ItemGroup>
    <CustomBuild Include="aboutwindow.ui">
      <Filter>Form Files</Filter>
    </CustomBuild>
    <CustomBuild Include="addnewanime.ui">
      <Filter>Form Files</Filter>
    </CustomBuild>
    <CustomBuild Include="editanimewindow.ui">
      <Filter>Form Files</Filter>
    </CustomBuild>
    <CustomBuild Include="mainwindow.ui">
      <Filter>Form Files</Filter>
    </CustomBuild>
    <CustomBuild Include="preferenceswindow.ui">
      <Filter>Form Files</Filter>
    </CustomBuild>
  </ItemGroup>
  <ItemGroup>
    <ClInclude Include="GeneratedFiles\ui_aboutwindow.h">
      <Filter>Generated Files</Filter>
    </ClInclude>
    <ClInclude Include="GeneratedFiles\ui_addnewanime.h">
      <Filter>Generated Files</Filter>
    </ClInclude>
    <ClInclude Include="GeneratedFiles\ui_editanimewindow.h">
      <Filter>Generated Files</Filter>
    </ClInclude>
    <ClInclude Include="GeneratedFiles\ui_mainwindow.h">
      <Filter>Generated Files</Filter>
    </ClInclude>
    <ClInclude Include="GeneratedFiles\ui_preferenceswindow.h">
      <Filter>Generated Files</Filter>
    </ClInclude>
    <ClInclude Include="resource.h">
      <Filter>Generated Files</Filter>
    </ClInclude>
    <ClInclude Include="resource1.h">
      <Filter>Generated Files</Filter>
    </ClInclude>
    <ClInclude Include="resource2.h">
      <Filter>Generated Files</Filter>
    </ClInclude>
    <ClInclude Include="StringUtils.h">
      <Filter>Header Files</Filter>
    </ClInclude>
    <ClInclude Include="InternetUtilities.h">
      <Filter>Header Files</Filter>
    </ClInclude>
    <ClInclude Include="AnimeListViewHelper.h">
      <Filter>Header Files</Filter>
    </ClInclude>
    <ClInclude Include="ListType.h">
      <Filter>Header Files</Filter>
    </ClInclude>
    <ClInclude Include="AnwalicService.h">
      <Filter>Header Files</Filter>
    </ClInclude>
    <ClInclude Include="AnimelistManager.h">
      <Filter>Header Files</Filter>
    </ClInclude>
    <ClInclude Include="saveload.h">
      <Filter>Header Files</Filter>
    </ClInclude>
    <ClInclude Include="FilterAnimelist.h">
      <Filter>Header Files</Filter>
    </ClInclude>
    <ClInclude Include="FilterShowMovies.h">
      <Filter>Header Files</Filter>
    </ClInclude>
    <ClInclude Include="FilterShowOpenEndedAnimes.h">
      <Filter>Header Files</Filter>
    </ClInclude>
    <ClInclude Include="FilterHideMovies.h">
      <Filter>Header Files</Filter>
    </ClInclude>
    <ClInclude Include="FilterHideAnimesWithNameOnly.h">
      <Filter>Header Files</Filter>
    </ClInclude>
    <ClInclude Include="FilterHideOpenEndedAnimes.h">
      <Filter>Header Files</Filter>
    </ClInclude>
    <ClInclude Include="FilterByTag.h">
      <Filter>Header Files</Filter>
    </ClInclude>
    <ClInclude Include="FilterShowStartedAnimes.h">
      <Filter>Header Files</Filter>
    </ClInclude>
  </ItemGroup>
  <ItemGroup>
    <ResourceCompile Include="Anwalic.rc" />
  </ItemGroup>
  <ItemGroup>
    <Image Include="icon\Anwalic_icon_1.ico" />
    <Image Include="icon\Anwalic_icon_2.ico" />
  </ItemGroup>
  <ItemGroup>
    <None Include="Anwalic_error_description.ane" />
    <None Include="mylist.anl" />
    <None Include="mylist_completed.anl" />
    <None Include="packages.config" />
    <None Include="doc\diagrams\dependencyGraph.pdf">
      <Filter>Documentation\class diagram</Filter>
    </None>
    <None Include="doc\diagrams\diagramsAnwalic.mdj">
      <Filter>Documentation\class diagram</Filter>
    </None>
    <None Include="feature planning\filter animes\diagrams - FilterAnime - New Feature.pdf">
      <Filter>Feature Planning\Filter Animelist</Filter>
    </None>
    <None Include="feature planning\filter animes\diagrams_FilterAnimelist.mdj">
      <Filter>Feature Planning\Filter Animelist</Filter>
    </None>
  </ItemGroup>
  <ItemGroup>
    <Text Include="DeveloperChangelog.txt">
      <Filter>Changes</Filter>
    </Text>
    <Text Include="CustomerChangelog.txt">
      <Filter>Changes</Filter>
    </Text>
    <Text Include="coming features\anwalic coming updates.txt">
      <Filter>Coming Features</Filter>
    </Text>
    <Text Include="coming features\Anwalic more updates.txt">
      <Filter>Coming Features</Filter>
    </Text>
    <Text Include="Architecture.txt">
      <Filter>Documentation\Text Documents</Filter>
    </Text>
    <Text Include="feature planning\filter animes\programFlow.txt">
      <Filter>Feature Planning\Filter Animelist</Filter>
    </Text>
    <Text Include="feature planning\filter animes\ReadMe.txt">
      <Filter>Feature Planning\Filter Animelist</Filter>
    </Text>
  </ItemGroup>
</Project>